
Microsoft Visual Studio Solution File, Format Version 12.00
# Visual Studio Version 17
VisualStudioVersion = 17.13.35806.99 d17.13
MinimumVisualStudioVersion = 10.0.40219.1
Project("{FAE04EC0-301F-11D3-BF4B-00C04F79EFBC}") = "Tic-Tac-Toe", "Tic-Tac-Toe.csproj", "{07DC7A69-58C2-413C-A484-3A85E2A1B556}"
EndProject
Global
	GlobalSection(SolutionConfigurationPlatforms) = preSolution
		Debug|Any CPU = Debug|Any CPU
		Release|Any CPU = Release|Any CPU
	EndGlobalSection
	GlobalSection(ProjectConfigurationPlatforms) = postSolution
		{07DC7A69-58C2-413C-A484-3A85E2A1B556}.Debug|Any CPU.ActiveCfg = Debug|Any CPU
		{07DC7A69-58C2-413C-A484-3A85E2A1B556}.Debug|Any CPU.Build.0 = Debug|Any CPU
		{07DC7A69-58C2-413C-A484-3A85E2A1B556}.Release|Any CPU.ActiveCfg = Release|Any CPU
		{07DC7A69-58C2-413C-A484-3A85E2A1B556}.Release|Any CPU.Build.0 = Release|Any CPU
	EndGlobalSection
	GlobalSection(SolutionProperties) = preSolution
		HideSolutionNode = FALSE
	EndGlobalSection
	GlobalSection(ExtensibilityGlobals) = postSolution
		SolutionGuid = {DF2B8CCF-8C5D-47DF-A2B0-F6CFC1C0E2D0}
	EndGlobalSection
EndGlobal
